// !$*UTF8*$!
{
	archiveVersion = 1;
	classes = {
	};
	objectVersion = 46;
	objects = {

/* Begin PBXBuildFile section */
		62C445A5161C8C07274513A0 /* libPods.a in Frameworks */ = {isa = PBXBuildFile; fileRef = E27A5DEC3523130E389E5C21 /* libPods.a */; };
		E103D28A1CC6DE8D00DCB4E6 /* ExcerciseTableViewController.m in Sources */ = {isa = PBXBuildFile; fileRef = E103D2891CC6DE8D00DCB4E6 /* ExcerciseTableViewController.m */; };
		E103D28D1CC6E4B300DCB4E6 /* ExcerciseViewController.m in Sources */ = {isa = PBXBuildFile; fileRef = E103D28C1CC6E4B300DCB4E6 /* ExcerciseViewController.m */; };
		E103D2901CC6EEED00DCB4E6 /* NameOfExcerciseViewController.m in Sources */ = {isa = PBXBuildFile; fileRef = E103D28F1CC6EEED00DCB4E6 /* NameOfExcerciseViewController.m */; };
		E1133FC81CB9240F0041BCAC /* ViewContr3.m in Sources */ = {isa = PBXBuildFile; fileRef = E1133FC71CB9240F0041BCAC /* ViewContr3.m */; };
		E11C1AC61CAD5A5E00B9B2CF /* main.m in Sources */ = {isa = PBXBuildFile; fileRef = E11C1AC51CAD5A5E00B9B2CF /* main.m */; };
		E11C1AC91CAD5A5E00B9B2CF /* AppDelegate.m in Sources */ = {isa = PBXBuildFile; fileRef = E11C1AC81CAD5A5E00B9B2CF /* AppDelegate.m */; };
		E11C1ACC1CAD5A5E00B9B2CF /* ViewController.m in Sources */ = {isa = PBXBuildFile; fileRef = E11C1ACB1CAD5A5E00B9B2CF /* ViewController.m */; };
		E11C1ACF1CAD5A5E00B9B2CF /* Main.storyboard in Resources */ = {isa = PBXBuildFile; fileRef = E11C1ACD1CAD5A5E00B9B2CF /* Main.storyboard */; };
		E11C1AD11CAD5A5E00B9B2CF /* Assets.xcassets in Resources */ = {isa = PBXBuildFile; fileRef = E11C1AD01CAD5A5E00B9B2CF /* Assets.xcassets */; };
		E11C1AD41CAD5A5E00B9B2CF /* LaunchScreen.storyboard in Resources */ = {isa = PBXBuildFile; fileRef = E11C1AD21CAD5A5E00B9B2CF /* LaunchScreen.storyboard */; };
		E11C1ADF1CAD5A5E00B9B2CF /* TrioFitTests.m in Sources */ = {isa = PBXBuildFile; fileRef = E11C1ADE1CAD5A5E00B9B2CF /* TrioFitTests.m */; };
		E11C1AEA1CAD5A5E00B9B2CF /* TrioFitUITests.m in Sources */ = {isa = PBXBuildFile; fileRef = E11C1AE91CAD5A5E00B9B2CF /* TrioFitUITests.m */; };
		E174B7421CC7DD34005292B8 /* DaysTableViewController.m in Sources */ = {isa = PBXBuildFile; fileRef = E174B7411CC7DD34005292B8 /* DaysTableViewController.m */; };
		E1E0CE551CBEEC0300FCA139 /* Fit.jpg in Resources */ = {isa = PBXBuildFile; fileRef = E1E0CE541CBEEC0300FCA139 /* Fit.jpg */; };
		E1E0CE571CBEF33300FCA139 /* Fit1.jpg in Resources */ = {isa = PBXBuildFile; fileRef = E1E0CE561CBEF33300FCA139 /* Fit1.jpg */; };
		E1E0CE591CBEF5C900FCA139 /* Fit3.png in Resources */ = {isa = PBXBuildFile; fileRef = E1E0CE581CBEF5C900FCA139 /* Fit3.png */; };
		E1E0CE671CC02E9400FCA139 /* CalendarViewController.m in Sources */ = {isa = PBXBuildFile; fileRef = E1E0CE661CC02E9400FCA139 /* CalendarViewController.m */; };
		E1F6628F1CD2598F00B776DD /* ProgramFordayTableVC.m in Sources */ = {isa = PBXBuildFile; fileRef = E1F6628E1CD2598F00B776DD /* ProgramFordayTableVC.m */; };
		E1F76A7B1CB92147004F6F7B /* ViewContr2.m in Sources */ = {isa = PBXBuildFile; fileRef = E1F76A7A1CB92147004F6F7B /* ViewContr2.m */; };
/* End PBXBuildFile section */

/* Begin PBXContainerItemProxy section */
		E11C1ADB1CAD5A5E00B9B2CF /* PBXContainerItemProxy */ = {
			isa = PBXContainerItemProxy;
			containerPortal = E11C1AB91CAD5A5E00B9B2CF /* Project object */;
			proxyType = 1;
			remoteGlobalIDString = E11C1AC01CAD5A5E00B9B2CF;
			remoteInfo = TrioFit;
		};
		E11C1AE61CAD5A5E00B9B2CF /* PBXContainerItemProxy */ = {
			isa = PBXContainerItemProxy;
			containerPortal = E11C1AB91CAD5A5E00B9B2CF /* Project object */;
			proxyType = 1;
			remoteGlobalIDString = E11C1AC01CAD5A5E00B9B2CF;
			remoteInfo = TrioFit;
		};
/* End PBXContainerItemProxy section */

/* Begin PBXFileReference section */
		5D365964BF402DEF536660A7 /* Pods.debug.xcconfig */ = {isa = PBXFileReference; includeInIndex = 1; lastKnownFileType = text.xcconfig; name = Pods.debug.xcconfig; path = "Pods/Target Support Files/Pods/Pods.debug.xcconfig"; sourceTree = "<group>"; };
		89E45100A720A929D5004FC5 /* Pods.release.xcconfig */ = {isa = PBXFileReference; includeInIndex = 1; lastKnownFileType = text.xcconfig; name = Pods.release.xcconfig; path = "Pods/Target Support Files/Pods/Pods.release.xcconfig"; sourceTree = "<group>"; };
		E103D2881CC6DE8D00DCB4E6 /* ExcerciseTableViewController.h */ = {isa = PBXFileReference; fileEncoding = 4; lastKnownFileType = sourcecode.c.h; path = ExcerciseTableViewController.h; sourceTree = "<group>"; };
		E103D2891CC6DE8D00DCB4E6 /* ExcerciseTableViewController.m */ = {isa = PBXFileReference; fileEncoding = 4; lastKnownFileType = sourcecode.c.objc; path = ExcerciseTableViewController.m; sourceTree = "<group>"; };
		E103D28B1CC6E4B300DCB4E6 /* ExcerciseViewController.h */ = {isa = PBXFileReference; fileEncoding = 4; lastKnownFileType = sourcecode.c.h; path = ExcerciseViewController.h; sourceTree = "<group>"; };
		E103D28C1CC6E4B300DCB4E6 /* ExcerciseViewController.m */ = {isa = PBXFileReference; fileEncoding = 4; lastKnownFileType = sourcecode.c.objc; path = ExcerciseViewController.m; sourceTree = "<group>"; };
		E103D28E1CC6EEED00DCB4E6 /* NameOfExcerciseViewController.h */ = {isa = PBXFileReference; fileEncoding = 4; lastKnownFileType = sourcecode.c.h; path = NameOfExcerciseViewController.h; sourceTree = "<group>"; };
		E103D28F1CC6EEED00DCB4E6 /* NameOfExcerciseViewController.m */ = {isa = PBXFileReference; fileEncoding = 4; lastKnownFileType = sourcecode.c.objc; path = NameOfExcerciseViewController.m; sourceTree = "<group>"; };
		E1133FC61CB9240F0041BCAC /* ViewContr3.h */ = {isa = PBXFileReference; fileEncoding = 4; lastKnownFileType = sourcecode.c.h; path = ViewContr3.h; sourceTree = "<group>"; };
		E1133FC71CB9240F0041BCAC /* ViewContr3.m */ = {isa = PBXFileReference; fileEncoding = 4; lastKnownFileType = sourcecode.c.objc; path = ViewContr3.m; sourceTree = "<group>"; tabWidth = 4; };
		E1133FCB1CB9B30D0041BCAC /* Base */ = {isa = PBXFileReference; lastKnownFileType = file.storyboard; name = Base; path = Base.lproj/Main.storyboard; sourceTree = "<group>"; };
		E11C1AC11CAD5A5E00B9B2CF /* TrioFit.app */ = {isa = PBXFileReference; explicitFileType = wrapper.application; includeInIndex = 0; path = TrioFit.app; sourceTree = BUILT_PRODUCTS_DIR; };
		E11C1AC51CAD5A5E00B9B2CF /* main.m */ = {isa = PBXFileReference; lastKnownFileType = sourcecode.c.objc; path = main.m; sourceTree = "<group>"; };
		E11C1AC71CAD5A5E00B9B2CF /* AppDelegate.h */ = {isa = PBXFileReference; lastKnownFileType = sourcecode.c.h; path = AppDelegate.h; sourceTree = "<group>"; };
		E11C1AC81CAD5A5E00B9B2CF /* AppDelegate.m */ = {isa = PBXFileReference; lastKnownFileType = sourcecode.c.objc; path = AppDelegate.m; sourceTree = "<group>"; };
		E11C1ACA1CAD5A5E00B9B2CF /* ViewController.h */ = {isa = PBXFileReference; lastKnownFileType = sourcecode.c.h; path = ViewController.h; sourceTree = "<group>"; };
		E11C1ACB1CAD5A5E00B9B2CF /* ViewController.m */ = {isa = PBXFileReference; lastKnownFileType = sourcecode.c.objc; path = ViewController.m; sourceTree = "<group>"; };
		E11C1AD01CAD5A5E00B9B2CF /* Assets.xcassets */ = {isa = PBXFileReference; lastKnownFileType = folder.assetcatalog; path = Assets.xcassets; sourceTree = "<group>"; };
		E11C1AD31CAD5A5E00B9B2CF /* Base */ = {isa = PBXFileReference; lastKnownFileType = file.storyboard; name = Base; path = Base.lproj/LaunchScreen.storyboard; sourceTree = "<group>"; };
		E11C1AD51CAD5A5E00B9B2CF /* Info.plist */ = {isa = PBXFileReference; lastKnownFileType = text.plist.xml; path = Info.plist; sourceTree = "<group>"; };
		E11C1ADA1CAD5A5E00B9B2CF /* TrioFitTests.xctest */ = {isa = PBXFileReference; explicitFileType = wrapper.cfbundle; includeInIndex = 0; path = TrioFitTests.xctest; sourceTree = BUILT_PRODUCTS_DIR; };
		E11C1ADE1CAD5A5E00B9B2CF /* TrioFitTests.m */ = {isa = PBXFileReference; lastKnownFileType = sourcecode.c.objc; path = TrioFitTests.m; sourceTree = "<group>"; };
		E11C1AE01CAD5A5E00B9B2CF /* Info.plist */ = {isa = PBXFileReference; lastKnownFileType = text.plist.xml; path = Info.plist; sourceTree = "<group>"; };
		E11C1AE51CAD5A5E00B9B2CF /* TrioFitUITests.xctest */ = {isa = PBXFileReference; explicitFileType = wrapper.cfbundle; includeInIndex = 0; path = TrioFitUITests.xctest; sourceTree = BUILT_PRODUCTS_DIR; };
		E11C1AE91CAD5A5E00B9B2CF /* TrioFitUITests.m */ = {isa = PBXFileReference; lastKnownFileType = sourcecode.c.objc; path = TrioFitUITests.m; sourceTree = "<group>"; };
		E11C1AEB1CAD5A5E00B9B2CF /* Info.plist */ = {isa = PBXFileReference; lastKnownFileType = text.plist.xml; path = Info.plist; sourceTree = "<group>"; };
		E174B7401CC7DD34005292B8 /* DaysTableViewController.h */ = {isa = PBXFileReference; fileEncoding = 4; lastKnownFileType = sourcecode.c.h; path = DaysTableViewController.h; sourceTree = "<group>"; };
		E174B7411CC7DD34005292B8 /* DaysTableViewController.m */ = {isa = PBXFileReference; fileEncoding = 4; lastKnownFileType = sourcecode.c.objc; path = DaysTableViewController.m; sourceTree = "<group>"; };
		E1E0CE541CBEEC0300FCA139 /* Fit.jpg */ = {isa = PBXFileReference; lastKnownFileType = image.jpeg; path = Fit.jpg; sourceTree = "<group>"; };
		E1E0CE561CBEF33300FCA139 /* Fit1.jpg */ = {isa = PBXFileReference; lastKnownFileType = image.jpeg; path = Fit1.jpg; sourceTree = "<group>"; };
		E1E0CE581CBEF5C900FCA139 /* Fit3.png */ = {isa = PBXFileReference; lastKnownFileType = image.png; path = Fit3.png; sourceTree = "<group>"; };
		E1E0CE651CC02E9400FCA139 /* CalendarViewController.h */ = {isa = PBXFileReference; fileEncoding = 4; lastKnownFileType = sourcecode.c.h; path = CalendarViewController.h; sourceTree = "<group>"; };
		E1E0CE661CC02E9400FCA139 /* CalendarViewController.m */ = {isa = PBXFileReference; fileEncoding = 4; lastKnownFileType = sourcecode.c.objc; path = CalendarViewController.m; sourceTree = "<group>"; };
		E1F6628D1CD2598F00B776DD /* ProgramFordayTableVC.h */ = {isa = PBXFileReference; fileEncoding = 4; lastKnownFileType = sourcecode.c.h; path = ProgramFordayTableVC.h; sourceTree = "<group>"; };
		E1F6628E1CD2598F00B776DD /* ProgramFordayTableVC.m */ = {isa = PBXFileReference; fileEncoding = 4; lastKnownFileType = sourcecode.c.objc; path = ProgramFordayTableVC.m; sourceTree = "<group>"; };
		E1F76A791CB92147004F6F7B /* ViewContr2.h */ = {isa = PBXFileReference; fileEncoding = 4; lastKnownFileType = sourcecode.c.h; path = ViewContr2.h; sourceTree = "<group>"; };
		E1F76A7A1CB92147004F6F7B /* ViewContr2.m */ = {isa = PBXFileReference; explicitFileType = sourcecode.c.objc; fileEncoding = 4; path = ViewContr2.m; sourceTree = "<group>"; };
		E27A5DEC3523130E389E5C21 /* libPods.a */ = {isa = PBXFileReference; explicitFileType = archive.ar; includeInIndex = 0; path = libPods.a; sourceTree = BUILT_PRODUCTS_DIR; };
/* End PBXFileReference section */

/* Begin PBXFrameworksBuildPhase section */
		E11C1ABE1CAD5A5E00B9B2CF /* Frameworks */ = {
			isa = PBXFrameworksBuildPhase;
			buildActionMask = 2147483647;
			files = (
				62C445A5161C8C07274513A0 /* libPods.a in Frameworks */,
			);
			runOnlyForDeploymentPostprocessing = 0;
		};
		E11C1AD71CAD5A5E00B9B2CF /* Frameworks */ = {
			isa = PBXFrameworksBuildPhase;
			buildActionMask = 2147483647;
			files = (
			);
			runOnlyForDeploymentPostprocessing = 0;
		};
		E11C1AE21CAD5A5E00B9B2CF /* Frameworks */ = {
			isa = PBXFrameworksBuildPhase;
			buildActionMask = 2147483647;
			files = (
			);
			runOnlyForDeploymentPostprocessing = 0;
		};
/* End PBXFrameworksBuildPhase section */

/* Begin PBXGroup section */
		1A422442A8277D78874361A3 /* Frameworks */ = {
			isa = PBXGroup;
			children = (
				E27A5DEC3523130E389E5C21 /* libPods.a */,
			);
			name = Frameworks;
			sourceTree = "<group>";
		};
		25A63B6F0E42539655EAFCC0 /* Pods */ = {
			isa = PBXGroup;
			children = (
				5D365964BF402DEF536660A7 /* Pods.debug.xcconfig */,
				89E45100A720A929D5004FC5 /* Pods.release.xcconfig */,
			);
			name = Pods;
			sourceTree = "<group>";
		};
		E1133FC91CB924190041BCAC /* VC3 */ = {
			isa = PBXGroup;
			children = (
				E1133FC61CB9240F0041BCAC /* ViewContr3.h */,
				E1133FC71CB9240F0041BCAC /* ViewContr3.m */,
			);
			name = VC3;
			sourceTree = "<group>";
		};
		E11C1AB81CAD5A5E00B9B2CF = {
			isa = PBXGroup;
			children = (
				E1133FC91CB924190041BCAC /* VC3 */,
				E1F76A7C1CB92161004F6F7B /* TableVC */,
				E11C1AC31CAD5A5E00B9B2CF /* TrioFit */,
				E11C1ADD1CAD5A5E00B9B2CF /* TrioFitTests */,
				E11C1AE81CAD5A5E00B9B2CF /* TrioFitUITests */,
				E11C1AC21CAD5A5E00B9B2CF /* Products */,
				25A63B6F0E42539655EAFCC0 /* Pods */,
				1A422442A8277D78874361A3 /* Frameworks */,
			);
			sourceTree = "<group>";
		};
		E11C1AC21CAD5A5E00B9B2CF /* Products */ = {
			isa = PBXGroup;
			children = (
				E11C1AC11CAD5A5E00B9B2CF /* TrioFit.app */,
				E11C1ADA1CAD5A5E00B9B2CF /* TrioFitTests.xctest */,
				E11C1AE51CAD5A5E00B9B2CF /* TrioFitUITests.xctest */,
			);
			name = Products;
			sourceTree = "<group>";
		};
		E11C1AC31CAD5A5E00B9B2CF /* TrioFit */ = {
			isa = PBXGroup;
			children = (
				E11C1AC71CAD5A5E00B9B2CF /* AppDelegate.h */,
				E11C1AC81CAD5A5E00B9B2CF /* AppDelegate.m */,
				E11C1ACA1CAD5A5E00B9B2CF /* ViewController.h */,
				E11C1ACB1CAD5A5E00B9B2CF /* ViewController.m */,
				E11C1ACD1CAD5A5E00B9B2CF /* Main.storyboard */,
				E1F6628D1CD2598F00B776DD /* ProgramFordayTableVC.h */,
				E1F6628E1CD2598F00B776DD /* ProgramFordayTableVC.m */,
				E174B7401CC7DD34005292B8 /* DaysTableViewController.h */,
				E174B7411CC7DD34005292B8 /* DaysTableViewController.m */,
				E103D28E1CC6EEED00DCB4E6 /* NameOfExcerciseViewController.h */,
				E103D28F1CC6EEED00DCB4E6 /* NameOfExcerciseViewController.m */,
				E103D28B1CC6E4B300DCB4E6 /* ExcerciseViewController.h */,
				E103D28C1CC6E4B300DCB4E6 /* ExcerciseViewController.m */,
				E103D2881CC6DE8D00DCB4E6 /* ExcerciseTableViewController.h */,
				E103D2891CC6DE8D00DCB4E6 /* ExcerciseTableViewController.m */,
				E1E0CE611CC02D9600FCA139 /* Calendar */,
				E11C1AD01CAD5A5E00B9B2CF /* Assets.xcassets */,
				E11C1AD21CAD5A5E00B9B2CF /* LaunchScreen.storyboard */,
				E11C1AD51CAD5A5E00B9B2CF /* Info.plist */,
				E1E0CE581CBEF5C900FCA139 /* Fit3.png */,
				E1E0CE561CBEF33300FCA139 /* Fit1.jpg */,
				E1E0CE541CBEEC0300FCA139 /* Fit.jpg */,
				E11C1AC41CAD5A5E00B9B2CF /* Supporting Files */,
			);
			path = TrioFit;
			sourceTree = "<group>";
		};
		E11C1AC41CAD5A5E00B9B2CF /* Supporting Files */ = {
			isa = PBXGroup;
			children = (
				E11C1AC51CAD5A5E00B9B2CF /* main.m */,
			);
			name = "Supporting Files";
			sourceTree = "<group>";
		};
		E11C1ADD1CAD5A5E00B9B2CF /* TrioFitTests */ = {
			isa = PBXGroup;
			children = (
				E11C1ADE1CAD5A5E00B9B2CF /* TrioFitTests.m */,
				E11C1AE01CAD5A5E00B9B2CF /* Info.plist */,
			);
			path = TrioFitTests;
			sourceTree = "<group>";
		};
		E11C1AE81CAD5A5E00B9B2CF /* TrioFitUITests */ = {
			isa = PBXGroup;
			children = (
				E11C1AE91CAD5A5E00B9B2CF /* TrioFitUITests.m */,
				E11C1AEB1CAD5A5E00B9B2CF /* Info.plist */,
			);
			path = TrioFitUITests;
			sourceTree = "<group>";
		};
		E1E0CE611CC02D9600FCA139 /* Calendar */ = {
			isa = PBXGroup;
			children = (
				E1E0CE651CC02E9400FCA139 /* CalendarViewController.h */,
				E1E0CE661CC02E9400FCA139 /* CalendarViewController.m */,
			);
			name = Calendar;
			path = ..;
			sourceTree = "<group>";
		};
		E1F76A7C1CB92161004F6F7B /* TableVC */ = {
			isa = PBXGroup;
			children = (
				E1F76A791CB92147004F6F7B /* ViewContr2.h */,
				E1F76A7A1CB92147004F6F7B /* ViewContr2.m */,
			);
			name = TableVC;
			sourceTree = "<group>";
		};
/* End PBXGroup section */

/* Begin PBXNativeTarget section */
		E11C1AC01CAD5A5E00B9B2CF /* TrioFit */ = {
			isa = PBXNativeTarget;
			buildConfigurationList = E11C1AEE1CAD5A5E00B9B2CF /* Build configuration list for PBXNativeTarget "TrioFit" */;
			buildPhases = (
				DD108EE469BF914EBA5FB06D /* Check Pods Manifest.lock */,
				E11C1ABD1CAD5A5E00B9B2CF /* Sources */,
				E11C1ABE1CAD5A5E00B9B2CF /* Frameworks */,
				E11C1ABF1CAD5A5E00B9B2CF /* Resources */,
				7C063D5F065F6D0B29CD92D9 /* Embed Pods Frameworks */,
				1EF1C045A2E8E8052584AF6C /* Copy Pods Resources */,
			);
			buildRules = (
			);
			dependencies = (
			);
			name = TrioFit;
			productName = TrioFit;
			productReference = E11C1AC11CAD5A5E00B9B2CF /* TrioFit.app */;
			productType = "com.apple.product-type.application";
		};
		E11C1AD91CAD5A5E00B9B2CF /* TrioFitTests */ = {
			isa = PBXNativeTarget;
			buildConfigurationList = E11C1AF11CAD5A5E00B9B2CF /* Build configuration list for PBXNativeTarget "TrioFitTests" */;
			buildPhases = (
				E11C1AD61CAD5A5E00B9B2CF /* Sources */,
				E11C1AD71CAD5A5E00B9B2CF /* Frameworks */,
				E11C1AD81CAD5A5E00B9B2CF /* Resources */,
			);
			buildRules = (
			);
			dependencies = (
				E11C1ADC1CAD5A5E00B9B2CF /* PBXTargetDependency */,
			);
			name = TrioFitTests;
			productName = TrioFitTests;
			productReference = E11C1ADA1CAD5A5E00B9B2CF /* TrioFitTests.xctest */;
			productType = "com.apple.product-type.bundle.unit-test";
		};
		E11C1AE41CAD5A5E00B9B2CF /* TrioFitUITests */ = {
			isa = PBXNativeTarget;
			buildConfigurationList = E11C1AF41CAD5A5E00B9B2CF /* Build configuration list for PBXNativeTarget "TrioFitUITests" */;
			buildPhases = (
				E11C1AE11CAD5A5E00B9B2CF /* Sources */,
				E11C1AE21CAD5A5E00B9B2CF /* Frameworks */,
				E11C1AE31CAD5A5E00B9B2CF /* Resources */,
			);
			buildRules = (
			);
			dependencies = (
				E11C1AE71CAD5A5E00B9B2CF /* PBXTargetDependency */,
			);
			name = TrioFitUITests;
			productName = TrioFitUITests;
			productReference = E11C1AE51CAD5A5E00B9B2CF /* TrioFitUITests.xctest */;
			productType = "com.apple.product-type.bundle.ui-testing";
		};
/* End PBXNativeTarget section */

/* Begin PBXProject section */
		E11C1AB91CAD5A5E00B9B2CF /* Project object */ = {
			isa = PBXProject;
			attributes = {
				LastUpgradeCheck = 0720;
				ORGANIZATIONNAME = "Наталья";
				TargetAttributes = {
					E11C1AC01CAD5A5E00B9B2CF = {
						CreatedOnToolsVersion = 7.2.1;
						DevelopmentTeam = 253FZ393HL;
					};
					E11C1AD91CAD5A5E00B9B2CF = {
						CreatedOnToolsVersion = 7.2.1;
						TestTargetID = E11C1AC01CAD5A5E00B9B2CF;
					};
					E11C1AE41CAD5A5E00B9B2CF = {
						CreatedOnToolsVersion = 7.2.1;
						TestTargetID = E11C1AC01CAD5A5E00B9B2CF;
					};
				};
			};
			buildConfigurationList = E11C1ABC1CAD5A5E00B9B2CF /* Build configuration list for PBXProject "TrioFit" */;
			compatibilityVersion = "Xcode 3.2";
			developmentRegion = English;
			hasScannedForEncodings = 0;
			knownRegions = (
				en,
				Base,
			);
			mainGroup = E11C1AB81CAD5A5E00B9B2CF;
			productRefGroup = E11C1AC21CAD5A5E00B9B2CF /* Products */;
			projectDirPath = "";
			projectRoot = "";
			targets = (
				E11C1AC01CAD5A5E00B9B2CF /* TrioFit */,
				E11C1AD91CAD5A5E00B9B2CF /* TrioFitTests */,
				E11C1AE41CAD5A5E00B9B2CF /* TrioFitUITests */,
			);
		};
/* End PBXProject section */

/* Begin PBXResourcesBuildPhase section */
		E11C1ABF1CAD5A5E00B9B2CF /* Resources */ = {
			isa = PBXResourcesBuildPhase;
			buildActionMask = 2147483647;
			files = (
				E11C1AD41CAD5A5E00B9B2CF /* LaunchScreen.storyboard in Resources */,
				E1E0CE551CBEEC0300FCA139 /* Fit.jpg in Resources */,
				E1E0CE571CBEF33300FCA139 /* Fit1.jpg in Resources */,
				E1E0CE591CBEF5C900FCA139 /* Fit3.png in Resources */,
				E11C1AD11CAD5A5E00B9B2CF /* Assets.xcassets in Resources */,
				E11C1ACF1CAD5A5E00B9B2CF /* Main.storyboard in Resources */,
			);
			runOnlyForDeploymentPostprocessing = 0;
		};
		E11C1AD81CAD5A5E00B9B2CF /* Resources */ = {
			isa = PBXResourcesBuildPhase;
			buildActionMask = 2147483647;
			files = (
			);
			runOnlyForDeploymentPostprocessing = 0;
		};
		E11C1AE31CAD5A5E00B9B2CF /* Resources */ = {
			isa = PBXResourcesBuildPhase;
			buildActionMask = 2147483647;
			files = (
			);
			runOnlyForDeploymentPostprocessing = 0;
		};
/* End PBXResourcesBuildPhase section */

/* Begin PBXShellScriptBuildPhase section */
		1EF1C045A2E8E8052584AF6C /* Copy Pods Resources */ = {
			isa = PBXShellScriptBuildPhase;
			buildActionMask = 2147483647;
			files = (
			);
			inputPaths = (
			);
			name = "Copy Pods Resources";
			outputPaths = (
			);
			runOnlyForDeploymentPostprocessing = 0;
			shellPath = /bin/sh;
			shellScript = "\"${SRCROOT}/Pods/Target Support Files/Pods/Pods-resources.sh\"\n";
			showEnvVarsInLog = 0;
		};
		7C063D5F065F6D0B29CD92D9 /* Embed Pods Frameworks */ = {
			isa = PBXShellScriptBuildPhase;
			buildActionMask = 2147483647;
			files = (
			);
			inputPaths = (
			);
			name = "Embed Pods Frameworks";
			outputPaths = (
			);
			runOnlyForDeploymentPostprocessing = 0;
			shellPath = /bin/sh;
			shellScript = "\"${SRCROOT}/Pods/Target Support Files/Pods/Pods-frameworks.sh\"\n";
			showEnvVarsInLog = 0;
		};
		DD108EE469BF914EBA5FB06D /* Check Pods Manifest.lock */ = {
			isa = PBXShellScriptBuildPhase;
			buildActionMask = 2147483647;
			files = (
			);
			inputPaths = (
			);
			name = "Check Pods Manifest.lock";
			outputPaths = (
			);
			runOnlyForDeploymentPostprocessing = 0;
			shellPath = /bin/sh;
			shellScript = "diff \"${PODS_ROOT}/../Podfile.lock\" \"${PODS_ROOT}/Manifest.lock\" > /dev/null\nif [[ $? != 0 ]] ; then\n    cat << EOM\nerror: The sandbox is not in sync with the Podfile.lock. Run 'pod install' or update your CocoaPods installation.\nEOM\n    exit 1\nfi\n";
			showEnvVarsInLog = 0;
		};
/* End PBXShellScriptBuildPhase section */

/* Begin PBXSourcesBuildPhase section */
		E11C1ABD1CAD5A5E00B9B2CF /* Sources */ = {
			isa = PBXSourcesBuildPhase;
			buildActionMask = 2147483647;
			files = (
				E11C1ACC1CAD5A5E00B9B2CF /* ViewController.m in Sources */,
				E1133FC81CB9240F0041BCAC /* ViewContr3.m in Sources */,
				E174B7421CC7DD34005292B8 /* DaysTableViewController.m in Sources */,
				E1F6628F1CD2598F00B776DD /* ProgramFordayTableVC.m in Sources */,
				E103D28A1CC6DE8D00DCB4E6 /* ExcerciseTableViewController.m in Sources */,
				E11C1AC91CAD5A5E00B9B2CF /* AppDelegate.m in Sources */,
				E1F76A7B1CB92147004F6F7B /* ViewContr2.m in Sources */,
				E1E0CE671CC02E9400FCA139 /* CalendarViewController.m in Sources */,
				E103D2901CC6EEED00DCB4E6 /* NameOfExcerciseViewController.m in Sources */,
				E103D28D1CC6E4B300DCB4E6 /* ExcerciseViewController.m in Sources */,
				E11C1AC61CAD5A5E00B9B2CF /* main.m in Sources */,
			);
			runOnlyForDeploymentPostprocessing = 0;
		};
		E11C1AD61CAD5A5E00B9B2CF /* Sources */ = {
			isa = PBXSourcesBuildPhase;
			buildActionMask = 2147483647;
			files = (
				E11C1ADF1CAD5A5E00B9B2CF /* TrioFitTests.m in Sources */,
			);
			runOnlyForDeploymentPostprocessing = 0;
		};
		E11C1AE11CAD5A5E00B9B2CF /* Sources */ = {
			isa = PBXSourcesBuildPhase;
			buildActionMask = 2147483647;
			files = (
				E11C1AEA1CAD5A5E00B9B2CF /* TrioFitUITests.m in Sources */,
			);
			runOnlyForDeploymentPostprocessing = 0;
		};
/* End PBXSourcesBuildPhase section */

/* Begin PBXTargetDependency section */
		E11C1ADC1CAD5A5E00B9B2CF /* PBXTargetDependency */ = {
			isa = PBXTargetDependency;
			target = E11C1AC01CAD5A5E00B9B2CF /* TrioFit */;
			targetProxy = E11C1ADB1CAD5A5E00B9B2CF /* PBXContainerItemProxy */;
		};
		E11C1AE71CAD5A5E00B9B2CF /* PBXTargetDependency */ = {
			isa = PBXTargetDependency;
			target = E11C1AC01CAD5A5E00B9B2CF /* TrioFit */;
			targetProxy = E11C1AE61CAD5A5E00B9B2CF /* PBXContainerItemProxy */;
		};
/* End PBXTargetDependency section */

/* Begin PBXVariantGroup section */
		E11C1ACD1CAD5A5E00B9B2CF /* Main.storyboard */ = {
			isa = PBXVariantGroup;
			children = (
				E1133FCB1CB9B30D0041BCAC /* Base */,
			);
			name = Main.storyboard;
			sourceTree = "<group>";
		};
		E11C1AD21CAD5A5E00B9B2CF /* LaunchScreen.storyboard */ = {
			isa = PBXVariantGroup;
			children = (
				E11C1AD31CAD5A5E00B9B2CF /* Base */,
			);
			name = LaunchScreen.storyboard;
			sourceTree = "<group>";
		};
/* End PBXVariantGroup section */

/* Begin XCBuildConfiguration section */
		E11C1AEC1CAD5A5E00B9B2CF /* Debug */ = {
			isa = XCBuildConfiguration;
			buildSettings = {
				ALWAYS_SEARCH_USER_PATHS = NO;
				CLANG_CXX_LANGUAGE_STANDARD = "gnu++0x";
				CLANG_CXX_LIBRARY = "libc++";
				CLANG_ENABLE_MODULES = YES;
				CLANG_ENABLE_OBJC_ARC = YES;
				CLANG_WARN_BOOL_CONVERSION = YES;
				CLANG_WARN_CONSTANT_CONVERSION = YES;
				CLANG_WARN_DIRECT_OBJC_ISA_USAGE = YES_ERROR;
				CLANG_WARN_EMPTY_BODY = YES;
				CLANG_WARN_ENUM_CONVERSION = YES;
				CLANG_WARN_INT_CONVERSION = YES;
				CLANG_WARN_OBJC_ROOT_CLASS = YES_ERROR;
				CLANG_WARN_UNREACHABLE_CODE = YES;
				CLANG_WARN__DUPLICATE_METHOD_MATCH = YES;
				"CODE_SIGN_IDENTITY[sdk=iphoneos*]" = "iPhone Developer";
				COPY_PHASE_STRIP = NO;
				DEBUG_INFORMATION_FORMAT = dwarf;
				ENABLE_STRICT_OBJC_MSGSEND = YES;
				ENABLE_TESTABILITY = YES;
				GCC_C_LANGUAGE_STANDARD = gnu99;
				GCC_DYNAMIC_NO_PIC = NO;
				GCC_NO_COMMON_BLOCKS = YES;
				GCC_OPTIMIZATION_LEVEL = 0;
				GCC_PREPROCESSOR_DEFINITIONS = (
					"DEBUG=1",
					"$(inherited)",
				);
				GCC_WARN_64_TO_32_BIT_CONVERSION = YES;
				GCC_WARN_ABOUT_RETURN_TYPE = YES_ERROR;
				GCC_WARN_UNDECLARED_SELECTOR = YES;
				GCC_WARN_UNINITIALIZED_AUTOS = YES_AGGRESSIVE;
				GCC_WARN_UNUSED_FUNCTION = YES;
				GCC_WARN_UNUSED_VARIABLE = YES;
				IPHONEOS_DEPLOYMENT_TARGET = 9.2;
				MTL_ENABLE_DEBUG_INFO = YES;
				ONLY_ACTIVE_ARCH = YES;
				SDKROOT = iphoneos;
				TARGETED_DEVICE_FAMILY = "1,2";
			};
			name = Debug;
		};
		E11C1AED1CAD5A5E00B9B2CF /* Release */ = {
			isa = XCBuildConfiguration;
			buildSettings = {
				ALWAYS_SEARCH_USER_PATHS = NO;
				CLANG_CXX_LANGUAGE_STANDARD = "gnu++0x";
				CLANG_CXX_LIBRARY = "libc++";
				CLANG_ENABLE_MODULES = YES;
				CLANG_ENABLE_OBJC_ARC = YES;
				CLANG_WARN_BOOL_CONVERSION = YES;
				CLANG_WARN_CONSTANT_CONVERSION = YES;
				CLANG_WARN_DIRECT_OBJC_ISA_USAGE = YES_ERROR;
				CLANG_WARN_EMPTY_BODY = YES;
				CLANG_WARN_ENUM_CONVERSION = YES;
				CLANG_WARN_INT_CONVERSION = YES;
				CLANG_WARN_OBJC_ROOT_CLASS = YES_ERROR;
				CLANG_WARN_UNREACHABLE_CODE = YES;
				CLANG_WARN__DUPLICATE_METHOD_MATCH = YES;
				"CODE_SIGN_IDENTITY[sdk=iphoneos*]" = "iPhone Developer";
				COPY_PHASE_STRIP = NO;
				DEBUG_INFORMATION_FORMAT = "dwarf-with-dsym";
				ENABLE_NS_ASSERTIONS = NO;
				ENABLE_STRICT_OBJC_MSGSEND = YES;
				GCC_C_LANGUAGE_STANDARD = gnu99;
				GCC_NO_COMMON_BLOCKS = YES;
				GCC_WARN_64_TO_32_BIT_CONVERSION = YES;
				GCC_WARN_ABOUT_RETURN_TYPE = YES_ERROR;
				GCC_WARN_UNDECLARED_SELECTOR = YES;
				GCC_WARN_UNINITIALIZED_AUTOS = YES_AGGRESSIVE;
				GCC_WARN_UNUSED_FUNCTION = YES;
				GCC_WARN_UNUSED_VARIABLE = YES;
				IPHONEOS_DEPLOYMENT_TARGET = 9.2;
				MTL_ENABLE_DEBUG_INFO = NO;
				SDKROOT = iphoneos;
				TARGETED_DEVICE_FAMILY = "1,2";
				VALIDATE_PRODUCT = YES;
			};
			name = Release;
		};
		E11C1AEF1CAD5A5E00B9B2CF /* Debug */ = {
			isa = XCBuildConfiguration;
			baseConfigurationReference = 5D365964BF402DEF536660A7 /* Pods.debug.xcconfig */;
			buildSettings = {
				ASSETCATALOG_COMPILER_APPICON_NAME = AppIcon;
				CODE_SIGN_IDENTITY = "iPhone Developer";
				"CODE_SIGN_IDENTITY[sdk=iphoneos*]" = "iPhone Developer";
				INFOPLIST_FILE = TrioFit/Info.plist;
				LD_RUNPATH_SEARCH_PATHS = "$(inherited) @executable_path/Frameworks";
				PRODUCT_BUNDLE_IDENTIFIER = natusic199797;
				PRODUCT_NAME = "$(TARGET_NAME)";
				PROVISIONING_PROFILE = "";
			};
			name = Debug;
		};
		E11C1AF01CAD5A5E00B9B2CF /* Release */ = {
			isa = XCBuildConfiguration;
			baseConfigurationReference = 89E45100A720A929D5004FC5 /* Pods.release.xcconfig */;
			buildSettings = {
				ASSETCATALOG_COMPILER_APPICON_NAME = AppIcon;
				CODE_SIGN_IDENTITY = "iPhone Developer";
				"CODE_SIGN_IDENTITY[sdk=iphoneos*]" = "iPhone Developer";
				INFOPLIST_FILE = TrioFit/Info.plist;
				LD_RUNPATH_SEARCH_PATHS = "$(inherited) @executable_path/Frameworks";
				PRODUCT_BUNDLE_IDENTIFIER = natusic199797;
				PRODUCT_NAME = "$(TARGET_NAME)";
				PROVISIONING_PROFILE = "";
			};
			name = Release;
		};
		E11C1AF21CAD5A5E00B9B2CF /* Debug */ = {
			isa = XCBuildConfiguration;
			buildSettings = {
				BUNDLE_LOADER = "$(TEST_HOST)";
				INFOPLIST_FILE = TrioFitTests/Info.plist;
				LD_RUNPATH_SEARCH_PATHS = "$(inherited) @executable_path/Frameworks @loader_path/Frameworks";
				PRODUCT_BUNDLE_IDENTIFIER = natalia.TrioFitTests;
				PRODUCT_NAME = "$(TARGET_NAME)";
				TEST_HOST = "$(BUILT_PRODUCTS_DIR)/TrioFit.app/TrioFit";
			};
			name = Debug;
		};
		E11C1AF31CAD5A5E00B9B2CF /* Release */ = {
			isa = XCBuildConfiguration;
			buildSettings = {
				BUNDLE_LOADER = "$(TEST_HOST)";
				INFOPLIST_FILE = TrioFitTests/Info.plist;
				LD_RUNPATH_SEARCH_PATHS = "$(inherited) @executable_path/Frameworks @loader_path/Frameworks";
				PRODUCT_BUNDLE_IDENTIFIER = natalia.TrioFitTests;
				PRODUCT_NAME = "$(TARGET_NAME)";
				TEST_HOST = "$(BUILT_PRODUCTS_DIR)/TrioFit.app/TrioFit";
			};
			name = Release;
		};
		E11C1AF51CAD5A5E00B9B2CF /* Debug */ = {
			isa = XCBuildConfiguration;
			buildSettings = {
				INFOPLIST_FILE = TrioFitUITests/Info.plist;
				LD_RUNPATH_SEARCH_PATHS = "$(inherited) @executable_path/Frameworks @loader_path/Frameworks";
				PRODUCT_BUNDLE_IDENTIFIER = natalia.TrioFitUITests;
				PRODUCT_NAME = "$(TARGET_NAME)";
				TEST_TARGET_NAME = TrioFit;
				USES_XCTRUNNER = YES;
			};
			name = Debug;
		};
		E11C1AF61CAD5A5E00B9B2CF /* Release */ = {
			isa = XCBuildConfiguration;
			buildSettings = {
				INFOPLIST_FILE = TrioFitUITests/Info.plist;
				LD_RUNPATH_SEARCH_PATHS = "$(inherited) @executable_path/Frameworks @loader_path/Frameworks";
				PRODUCT_BUNDLE_IDENTIFIER = natalia.TrioFitUITests;
				PRODUCT_NAME = "$(TARGET_NAME)";
				TEST_TARGET_NAME = TrioFit;
				USES_XCTRUNNER = YES;
			};
			name = Release;
		};
/* End XCBuildConfiguration section */

/* Begin XCConfigurationList section */
		E11C1ABC1CAD5A5E00B9B2CF /* Build configuration list for PBXProject "TrioFit" */ = {
			isa = XCConfigurationList;
			buildConfigurations = (
				E11C1AEC1CAD5A5E00B9B2CF /* Debug */,
				E11C1AED1CAD5A5E00B9B2CF /* Release */,
			);
			defaultConfigurationIsVisible = 0;
			defaultConfigurationName = Release;
		};
		E11C1AEE1CAD5A5E00B9B2CF /* Build configuration list for PBXNativeTarget "TrioFit" */ = {
			isa = XCConfigurationList;
			buildConfigurations = (
				E11C1AEF1CAD5A5E00B9B2CF /* Debug */,
				E11C1AF01CAD5A5E00B9B2CF /* Release */,
			);
			defaultConfigurationIsVisible = 0;
			defaultConfigurationName = Release;
		};
		E11C1AF11CAD5A5E00B9B2CF /* Build configuration list for PBXNativeTarget "TrioFitTests" */ = {
			isa = XCConfigurationList;
			buildConfigurations = (
				E11C1AF21CAD5A5E00B9B2CF /* Debug */,
				E11C1AF31CAD5A5E00B9B2CF /* Release */,
			);
			defaultConfigurationIsVisible = 0;
			defaultConfigurationName = Release;
		};
		E11C1AF41CAD5A5E00B9B2CF /* Build configuration list for PBXNativeTarget "TrioFitUITests" */ = {
			isa = XCConfigurationList;
			buildConfigurations = (
				E11C1AF51CAD5A5E00B9B2CF /* Debug */,
				E11C1AF61CAD5A5E00B9B2CF /* Release */,
			);
			defaultConfigurationIsVisible = 0;
			defaultConfigurationName = Release;
		};
/* End XCConfigurationList section */
	};
	rootObject = E11C1AB91CAD5A5E00B9B2CF /* Project object */;
}
